
Microsoft Visual Studio Solution File, Format Version 12.00
# Visual Studio Version 17
VisualStudioVersion = 17.1.32228.430
MinimumVisualStudioVersion = 10.0.40219.1
Project("{FAE04EC0-301F-11D3-BF4B-00C04F79EFBC}") = "FindLongestChain", "FindLongestChain\FindLongestChain.csproj", "{2E70B05A-22F6-4F3C-8239-6A26CE4F8AD2}"
EndProject
Project("{FAE04EC0-301F-11D3-BF4B-00C04F79EFBC}") = "FindLongestChainTests", "FindLongestChainTests\FindLongestChainTests.csproj", "{2A9EB00D-7A37-4458-B41B-10971958CF5B}"
EndProject
Global
	GlobalSection(SolutionConfigurationPlatforms) = preSolution
		Debug|Any CPU = Debug|Any CPU
		Release|Any CPU = Release|Any CPU
	EndGlobalSection
	GlobalSection(ProjectConfigurationPlatforms) = postSolution
		{2E70B05A-22F6-4F3C-8239-6A26CE4F8AD2}.Debug|Any CPU.ActiveCfg = Debug|Any CPU
		{2E70B05A-22F6-4F3C-8239-6A26CE4F8AD2}.Debug|Any CPU.Build.0 = Debug|Any CPU
		{2E70B05A-22F6-4F3C-8239-6A26CE4F8AD2}.Release|Any CPU.ActiveCfg = Release|Any CPU
		{2E70B05A-22F6-4F3C-8239-6A26CE4F8AD2}.Release|Any CPU.Build.0 = Release|Any CPU
		{2A9EB00D-7A37-4458-B41B-10971958CF5B}.Debug|Any CPU.ActiveCfg = Debug|Any CPU
		{2A9EB00D-7A37-4458-B41B-10971958CF5B}.Debug|Any CPU.Build.0 = Debug|Any CPU
		{2A9EB00D-7A37-4458-B41B-10971958CF5B}.Release|Any CPU.ActiveCfg = Release|Any CPU
		{2A9EB00D-7A37-4458-B41B-10971958CF5B}.Release|Any CPU.Build.0 = Release|Any CPU
	EndGlobalSection
	GlobalSection(SolutionProperties) = preSolution
		HideSolutionNode = FALSE
	EndGlobalSection
	GlobalSection(ExtensibilityGlobals) = postSolution
		SolutionGuid = {D02902AA-AF24-4D7A-9A33-B10C9B159537}
	EndGlobalSection
EndGlobal
