
Microsoft Visual Studio Solution File, Format Version 12.00
# Visual Studio Version 17
VisualStudioVersion = 17.1.32228.430
MinimumVisualStudioVersion = 10.0.40219.1
Project("{FAE04EC0-301F-11D3-BF4B-00C04F79EFBC}") = "DeleteAndEarn", "DeleteAndEarn\DeleteAndEarn.csproj", "{8B5250BD-407E-4BF0-B42D-B83A572140E0}"
EndProject
Project("{FAE04EC0-301F-11D3-BF4B-00C04F79EFBC}") = "DeleteAndEarnTests", "DeleteAndEarnTests\DeleteAndEarnTests.csproj", "{A43EEBCE-0917-46D5-9376-6B7D972DE36A}"
EndProject
Global
	GlobalSection(SolutionConfigurationPlatforms) = preSolution
		Debug|Any CPU = Debug|Any CPU
		Release|Any CPU = Release|Any CPU
	EndGlobalSection
	GlobalSection(ProjectConfigurationPlatforms) = postSolution
		{8B5250BD-407E-4BF0-B42D-B83A572140E0}.Debug|Any CPU.ActiveCfg = Debug|Any CPU
		{8B5250BD-407E-4BF0-B42D-B83A572140E0}.Debug|Any CPU.Build.0 = Debug|Any CPU
		{8B5250BD-407E-4BF0-B42D-B83A572140E0}.Release|Any CPU.ActiveCfg = Release|Any CPU
		{8B5250BD-407E-4BF0-B42D-B83A572140E0}.Release|Any CPU.Build.0 = Release|Any CPU
		{A43EEBCE-0917-46D5-9376-6B7D972DE36A}.Debug|Any CPU.ActiveCfg = Debug|Any CPU
		{A43EEBCE-0917-46D5-9376-6B7D972DE36A}.Debug|Any CPU.Build.0 = Debug|Any CPU
		{A43EEBCE-0917-46D5-9376-6B7D972DE36A}.Release|Any CPU.ActiveCfg = Release|Any CPU
		{A43EEBCE-0917-46D5-9376-6B7D972DE36A}.Release|Any CPU.Build.0 = Release|Any CPU
	EndGlobalSection
	GlobalSection(SolutionProperties) = preSolution
		HideSolutionNode = FALSE
	EndGlobalSection
	GlobalSection(ExtensibilityGlobals) = postSolution
		SolutionGuid = {D077C5E7-77B2-4BBC-B803-3C6F736BFA99}
	EndGlobalSection
EndGlobal
