
Microsoft Visual Studio Solution File, Format Version 12.00
# Visual Studio Version 16
VisualStudioVersion = 16.0.31112.23
MinimumVisualStudioVersion = 10.0.40219.1
Project("{FAE04EC0-301F-11D3-BF4B-00C04F79EFBC}") = "BinaryTreeInorder", "BinaryTreeInorder\BinaryTreeInorder.csproj", "{843D6492-C41E-4A1B-ACED-A191CC722369}"
EndProject
Project("{FAE04EC0-301F-11D3-BF4B-00C04F79EFBC}") = "BinaryTreeInorderTests", "BinaryTreeInorderTests\BinaryTreeInorderTests.csproj", "{12F32941-9CD9-4656-A810-614016198439}"
EndProject
Global
	GlobalSection(SolutionConfigurationPlatforms) = preSolution
		Debug|Any CPU = Debug|Any CPU
		Release|Any CPU = Release|Any CPU
	EndGlobalSection
	GlobalSection(ProjectConfigurationPlatforms) = postSolution
		{843D6492-C41E-4A1B-ACED-A191CC722369}.Debug|Any CPU.ActiveCfg = Debug|Any CPU
		{843D6492-C41E-4A1B-ACED-A191CC722369}.Debug|Any CPU.Build.0 = Debug|Any CPU
		{843D6492-C41E-4A1B-ACED-A191CC722369}.Release|Any CPU.ActiveCfg = Release|Any CPU
		{843D6492-C41E-4A1B-ACED-A191CC722369}.Release|Any CPU.Build.0 = Release|Any CPU
		{12F32941-9CD9-4656-A810-614016198439}.Debug|Any CPU.ActiveCfg = Debug|Any CPU
		{12F32941-9CD9-4656-A810-614016198439}.Debug|Any CPU.Build.0 = Debug|Any CPU
		{12F32941-9CD9-4656-A810-614016198439}.Release|Any CPU.ActiveCfg = Release|Any CPU
		{12F32941-9CD9-4656-A810-614016198439}.Release|Any CPU.Build.0 = Release|Any CPU
	EndGlobalSection
	GlobalSection(SolutionProperties) = preSolution
		HideSolutionNode = FALSE
	EndGlobalSection
	GlobalSection(ExtensibilityGlobals) = postSolution
		SolutionGuid = {C66B81A2-FD06-45A1-A452-BEEB83D31343}
	EndGlobalSection
EndGlobal
