
Microsoft Visual Studio Solution File, Format Version 12.00
# Visual Studio Version 17
VisualStudioVersion = 17.1.32228.430
MinimumVisualStudioVersion = 10.0.40219.1
Project("{FAE04EC0-301F-11D3-BF4B-00C04F79EFBC}") = "SummaryRanges", "SummaryRanges\SummaryRanges.csproj", "{50FAF742-FA83-4C58-B4A5-A3FA87975C5F}"
EndProject
Project("{FAE04EC0-301F-11D3-BF4B-00C04F79EFBC}") = "SummaryRangesTests", "SummaryRangesTests\SummaryRangesTests.csproj", "{AED1B988-1C43-4B58-98E5-BC96616DBE70}"
EndProject
Global
	GlobalSection(SolutionConfigurationPlatforms) = preSolution
		Debug|Any CPU = Debug|Any CPU
		Release|Any CPU = Release|Any CPU
	EndGlobalSection
	GlobalSection(ProjectConfigurationPlatforms) = postSolution
		{50FAF742-FA83-4C58-B4A5-A3FA87975C5F}.Debug|Any CPU.ActiveCfg = Debug|Any CPU
		{50FAF742-FA83-4C58-B4A5-A3FA87975C5F}.Debug|Any CPU.Build.0 = Debug|Any CPU
		{50FAF742-FA83-4C58-B4A5-A3FA87975C5F}.Release|Any CPU.ActiveCfg = Release|Any CPU
		{50FAF742-FA83-4C58-B4A5-A3FA87975C5F}.Release|Any CPU.Build.0 = Release|Any CPU
		{AED1B988-1C43-4B58-98E5-BC96616DBE70}.Debug|Any CPU.ActiveCfg = Debug|Any CPU
		{AED1B988-1C43-4B58-98E5-BC96616DBE70}.Debug|Any CPU.Build.0 = Debug|Any CPU
		{AED1B988-1C43-4B58-98E5-BC96616DBE70}.Release|Any CPU.ActiveCfg = Release|Any CPU
		{AED1B988-1C43-4B58-98E5-BC96616DBE70}.Release|Any CPU.Build.0 = Release|Any CPU
	EndGlobalSection
	GlobalSection(SolutionProperties) = preSolution
		HideSolutionNode = FALSE
	EndGlobalSection
	GlobalSection(ExtensibilityGlobals) = postSolution
		SolutionGuid = {8147FAAD-F271-4836-907B-2B1676DECD0C}
	EndGlobalSection
EndGlobal
