
Microsoft Visual Studio Solution File, Format Version 12.00
# Visual Studio Version 16
VisualStudioVersion = 16.0.31702.278
MinimumVisualStudioVersion = 10.0.40219.1
Project("{9A19103F-16F7-4668-BE54-9A1E7A4F7556}") = "NumberOfIsland", "NumberOfIsland\NumberOfIsland.csproj", "{D16E65BF-0857-402E-8013-7E3629CD5E53}"
EndProject
Project("{FAE04EC0-301F-11D3-BF4B-00C04F79EFBC}") = "NumberOfIslandTests", "NumberOfIslandTests\NumberOfIslandTests.csproj", "{F3F20463-9457-49B6-8F46-83B871FED4C8}"
EndProject
Global
	GlobalSection(SolutionConfigurationPlatforms) = preSolution
		Debug|Any CPU = Debug|Any CPU
		Release|Any CPU = Release|Any CPU
	EndGlobalSection
	GlobalSection(ProjectConfigurationPlatforms) = postSolution
		{D16E65BF-0857-402E-8013-7E3629CD5E53}.Debug|Any CPU.ActiveCfg = Debug|Any CPU
		{D16E65BF-0857-402E-8013-7E3629CD5E53}.Debug|Any CPU.Build.0 = Debug|Any CPU
		{D16E65BF-0857-402E-8013-7E3629CD5E53}.Release|Any CPU.ActiveCfg = Release|Any CPU
		{D16E65BF-0857-402E-8013-7E3629CD5E53}.Release|Any CPU.Build.0 = Release|Any CPU
		{F3F20463-9457-49B6-8F46-83B871FED4C8}.Debug|Any CPU.ActiveCfg = Debug|Any CPU
		{F3F20463-9457-49B6-8F46-83B871FED4C8}.Debug|Any CPU.Build.0 = Debug|Any CPU
		{F3F20463-9457-49B6-8F46-83B871FED4C8}.Release|Any CPU.ActiveCfg = Release|Any CPU
		{F3F20463-9457-49B6-8F46-83B871FED4C8}.Release|Any CPU.Build.0 = Release|Any CPU
	EndGlobalSection
	GlobalSection(SolutionProperties) = preSolution
		HideSolutionNode = FALSE
	EndGlobalSection
	GlobalSection(ExtensibilityGlobals) = postSolution
		SolutionGuid = {96D28DEA-DA83-46B2-B7D9-CC430D9559BA}
	EndGlobalSection
EndGlobal
