
Microsoft Visual Studio Solution File, Format Version 12.00
# Visual Studio Version 17
VisualStudioVersion = 17.1.32228.430
MinimumVisualStudioVersion = 10.0.40219.1
Project("{FAE04EC0-301F-11D3-BF4B-00C04F79EFBC}") = "MergeIntervals", "MergeIntervals\MergeIntervals.csproj", "{3862065B-C322-49CE-9848-C2BAECC8A30A}"
EndProject
Project("{FAE04EC0-301F-11D3-BF4B-00C04F79EFBC}") = "MergeIntervalsTests", "MergeIntervalsTests\MergeIntervalsTests.csproj", "{5C7F7C04-ACA5-44F9-A3C3-0D2FC93493B6}"
EndProject
Global
	GlobalSection(SolutionConfigurationPlatforms) = preSolution
		Debug|Any CPU = Debug|Any CPU
		Release|Any CPU = Release|Any CPU
	EndGlobalSection
	GlobalSection(ProjectConfigurationPlatforms) = postSolution
		{3862065B-C322-49CE-9848-C2BAECC8A30A}.Debug|Any CPU.ActiveCfg = Debug|Any CPU
		{3862065B-C322-49CE-9848-C2BAECC8A30A}.Debug|Any CPU.Build.0 = Debug|Any CPU
		{3862065B-C322-49CE-9848-C2BAECC8A30A}.Release|Any CPU.ActiveCfg = Release|Any CPU
		{3862065B-C322-49CE-9848-C2BAECC8A30A}.Release|Any CPU.Build.0 = Release|Any CPU
		{5C7F7C04-ACA5-44F9-A3C3-0D2FC93493B6}.Debug|Any CPU.ActiveCfg = Debug|Any CPU
		{5C7F7C04-ACA5-44F9-A3C3-0D2FC93493B6}.Debug|Any CPU.Build.0 = Debug|Any CPU
		{5C7F7C04-ACA5-44F9-A3C3-0D2FC93493B6}.Release|Any CPU.ActiveCfg = Release|Any CPU
		{5C7F7C04-ACA5-44F9-A3C3-0D2FC93493B6}.Release|Any CPU.Build.0 = Release|Any CPU
	EndGlobalSection
	GlobalSection(SolutionProperties) = preSolution
		HideSolutionNode = FALSE
	EndGlobalSection
	GlobalSection(ExtensibilityGlobals) = postSolution
		SolutionGuid = {84B72707-199C-4154-8AF0-FF626D51007E}
	EndGlobalSection
EndGlobal
