
Microsoft Visual Studio Solution File, Format Version 12.00
# Visual Studio Version 16
VisualStudioVersion = 16.0.31205.134
MinimumVisualStudioVersion = 10.0.40219.1
Project("{FAE04EC0-301F-11D3-BF4B-00C04F79EFBC}") = "MergeIntervals", "MergeIntervals\MergeIntervals.csproj", "{C495484E-CEC9-4470-95B4-4D7330442D43}"
EndProject
Project("{FAE04EC0-301F-11D3-BF4B-00C04F79EFBC}") = "MergeIntervalsTests", "MergeIntervalsTests\MergeIntervalsTests.csproj", "{17377D86-7F83-4B52-9D02-B32FA56E6323}"
EndProject
Global
	GlobalSection(SolutionConfigurationPlatforms) = preSolution
		Debug|Any CPU = Debug|Any CPU
		Release|Any CPU = Release|Any CPU
	EndGlobalSection
	GlobalSection(ProjectConfigurationPlatforms) = postSolution
		{C495484E-CEC9-4470-95B4-4D7330442D43}.Debug|Any CPU.ActiveCfg = Debug|Any CPU
		{C495484E-CEC9-4470-95B4-4D7330442D43}.Debug|Any CPU.Build.0 = Debug|Any CPU
		{C495484E-CEC9-4470-95B4-4D7330442D43}.Release|Any CPU.ActiveCfg = Release|Any CPU
		{C495484E-CEC9-4470-95B4-4D7330442D43}.Release|Any CPU.Build.0 = Release|Any CPU
		{17377D86-7F83-4B52-9D02-B32FA56E6323}.Debug|Any CPU.ActiveCfg = Debug|Any CPU
		{17377D86-7F83-4B52-9D02-B32FA56E6323}.Debug|Any CPU.Build.0 = Debug|Any CPU
		{17377D86-7F83-4B52-9D02-B32FA56E6323}.Release|Any CPU.ActiveCfg = Release|Any CPU
		{17377D86-7F83-4B52-9D02-B32FA56E6323}.Release|Any CPU.Build.0 = Release|Any CPU
	EndGlobalSection
	GlobalSection(SolutionProperties) = preSolution
		HideSolutionNode = FALSE
	EndGlobalSection
	GlobalSection(ExtensibilityGlobals) = postSolution
		SolutionGuid = {BE882F96-C62F-4C4D-8915-A216E1BDE550}
	EndGlobalSection
EndGlobal
