
Microsoft Visual Studio Solution File, Format Version 12.00
# Visual Studio Version 16
VisualStudioVersion = 16.0.31129.286
MinimumVisualStudioVersion = 10.0.40219.1
Project("{FAE04EC0-301F-11D3-BF4B-00C04F79EFBC}") = "IntegerToEnglish", "IntegerToEnglish\IntegerToEnglish.csproj", "{694FD9C5-FAC9-4CE9-A55D-C8E850541F41}"
EndProject
Project("{FAE04EC0-301F-11D3-BF4B-00C04F79EFBC}") = "IntegerToEnglishTests", "IntegerToEnglishTests\IntegerToEnglishTests.csproj", "{C4AE48C4-9A1E-4186-A41F-80837B8D7446}"
EndProject
Global
	GlobalSection(SolutionConfigurationPlatforms) = preSolution
		Debug|Any CPU = Debug|Any CPU
		Release|Any CPU = Release|Any CPU
	EndGlobalSection
	GlobalSection(ProjectConfigurationPlatforms) = postSolution
		{694FD9C5-FAC9-4CE9-A55D-C8E850541F41}.Debug|Any CPU.ActiveCfg = Debug|Any CPU
		{694FD9C5-FAC9-4CE9-A55D-C8E850541F41}.Debug|Any CPU.Build.0 = Debug|Any CPU
		{694FD9C5-FAC9-4CE9-A55D-C8E850541F41}.Release|Any CPU.ActiveCfg = Release|Any CPU
		{694FD9C5-FAC9-4CE9-A55D-C8E850541F41}.Release|Any CPU.Build.0 = Release|Any CPU
		{C4AE48C4-9A1E-4186-A41F-80837B8D7446}.Debug|Any CPU.ActiveCfg = Debug|Any CPU
		{C4AE48C4-9A1E-4186-A41F-80837B8D7446}.Debug|Any CPU.Build.0 = Debug|Any CPU
		{C4AE48C4-9A1E-4186-A41F-80837B8D7446}.Release|Any CPU.ActiveCfg = Release|Any CPU
		{C4AE48C4-9A1E-4186-A41F-80837B8D7446}.Release|Any CPU.Build.0 = Release|Any CPU
	EndGlobalSection
	GlobalSection(SolutionProperties) = preSolution
		HideSolutionNode = FALSE
	EndGlobalSection
	GlobalSection(ExtensibilityGlobals) = postSolution
		SolutionGuid = {05C467AB-9130-4374-BEB3-8896316841CB}
	EndGlobalSection
EndGlobal
