
Microsoft Visual Studio Solution File, Format Version 12.00
# Visual Studio Version 17
VisualStudioVersion = 17.2.32519.379
MinimumVisualStudioVersion = 10.0.40219.1
Project("{9A19103F-16F7-4668-BE54-9A1E7A4F7556}") = "AsteroidCollisionTests", "AsteroidCollisionTests\AsteroidCollisionTests.csproj", "{C031F138-E0C2-494A-BD62-10FD2541B1E3}"
EndProject
Project("{9A19103F-16F7-4668-BE54-9A1E7A4F7556}") = "AsteroidCollision", "AsteroidCollision\AsteroidCollision.csproj", "{BF8E50BF-59FC-4027-A56C-0D29CCF2698A}"
EndProject
Global
	GlobalSection(SolutionConfigurationPlatforms) = preSolution
		Debug|Any CPU = Debug|Any CPU
		Release|Any CPU = Release|Any CPU
	EndGlobalSection
	GlobalSection(ProjectConfigurationPlatforms) = postSolution
		{C031F138-E0C2-494A-BD62-10FD2541B1E3}.Debug|Any CPU.ActiveCfg = Debug|Any CPU
		{C031F138-E0C2-494A-BD62-10FD2541B1E3}.Debug|Any CPU.Build.0 = Debug|Any CPU
		{C031F138-E0C2-494A-BD62-10FD2541B1E3}.Release|Any CPU.ActiveCfg = Release|Any CPU
		{C031F138-E0C2-494A-BD62-10FD2541B1E3}.Release|Any CPU.Build.0 = Release|Any CPU
		{BF8E50BF-59FC-4027-A56C-0D29CCF2698A}.Debug|Any CPU.ActiveCfg = Debug|Any CPU
		{BF8E50BF-59FC-4027-A56C-0D29CCF2698A}.Debug|Any CPU.Build.0 = Debug|Any CPU
		{BF8E50BF-59FC-4027-A56C-0D29CCF2698A}.Release|Any CPU.ActiveCfg = Release|Any CPU
		{BF8E50BF-59FC-4027-A56C-0D29CCF2698A}.Release|Any CPU.Build.0 = Release|Any CPU
	EndGlobalSection
	GlobalSection(SolutionProperties) = preSolution
		HideSolutionNode = FALSE
	EndGlobalSection
	GlobalSection(ExtensibilityGlobals) = postSolution
		SolutionGuid = {916F5D43-6596-4F7B-9178-55F97F834881}
	EndGlobalSection
EndGlobal
