
Microsoft Visual Studio Solution File, Format Version 12.00
# Visual Studio Version 16
VisualStudioVersion = 16.0.31205.134
MinimumVisualStudioVersion = 10.0.40219.1
Project("{FAE04EC0-301F-11D3-BF4B-00C04F79EFBC}") = "CheckIfStringsAreEqual", "CheckIfStringsAreEqual\CheckIfStringsAreEqual.csproj", "{B99E2957-0CED-44EA-B2D7-49CBD69FAE74}"
EndProject
Project("{FAE04EC0-301F-11D3-BF4B-00C04F79EFBC}") = "EqualStringsTests", "EqualStringsTests\EqualStringsTests.csproj", "{ECDA5D33-03A1-4209-B386-F41A9CC7F89B}"
EndProject
Global
	GlobalSection(SolutionConfigurationPlatforms) = preSolution
		Debug|Any CPU = Debug|Any CPU
		Release|Any CPU = Release|Any CPU
	EndGlobalSection
	GlobalSection(ProjectConfigurationPlatforms) = postSolution
		{B99E2957-0CED-44EA-B2D7-49CBD69FAE74}.Debug|Any CPU.ActiveCfg = Debug|Any CPU
		{B99E2957-0CED-44EA-B2D7-49CBD69FAE74}.Debug|Any CPU.Build.0 = Debug|Any CPU
		{B99E2957-0CED-44EA-B2D7-49CBD69FAE74}.Release|Any CPU.ActiveCfg = Release|Any CPU
		{B99E2957-0CED-44EA-B2D7-49CBD69FAE74}.Release|Any CPU.Build.0 = Release|Any CPU
		{ECDA5D33-03A1-4209-B386-F41A9CC7F89B}.Debug|Any CPU.ActiveCfg = Debug|Any CPU
		{ECDA5D33-03A1-4209-B386-F41A9CC7F89B}.Debug|Any CPU.Build.0 = Debug|Any CPU
		{ECDA5D33-03A1-4209-B386-F41A9CC7F89B}.Release|Any CPU.ActiveCfg = Release|Any CPU
		{ECDA5D33-03A1-4209-B386-F41A9CC7F89B}.Release|Any CPU.Build.0 = Release|Any CPU
	EndGlobalSection
	GlobalSection(SolutionProperties) = preSolution
		HideSolutionNode = FALSE
	EndGlobalSection
	GlobalSection(ExtensibilityGlobals) = postSolution
		SolutionGuid = {FAD44E04-753C-47E3-AD8F-289B0389D995}
	EndGlobalSection
EndGlobal
