
Microsoft Visual Studio Solution File, Format Version 12.00
# Visual Studio Version 17
VisualStudioVersion = 17.2.32519.379
MinimumVisualStudioVersion = 10.0.40219.1
Project("{FAE04EC0-301F-11D3-BF4B-00C04F79EFBC}") = "WordSearch", "WordSearch\WordSearch.csproj", "{B31838C5-CA8C-46D6-B152-1D08B794508D}"
EndProject
Project("{FAE04EC0-301F-11D3-BF4B-00C04F79EFBC}") = "WordSearchTests", "WordSearchTests\WordSearchTests.csproj", "{077FA827-F725-4840-9519-DD77FD5F41D6}"
EndProject
Global
	GlobalSection(SolutionConfigurationPlatforms) = preSolution
		Debug|Any CPU = Debug|Any CPU
		Release|Any CPU = Release|Any CPU
	EndGlobalSection
	GlobalSection(ProjectConfigurationPlatforms) = postSolution
		{B31838C5-CA8C-46D6-B152-1D08B794508D}.Debug|Any CPU.ActiveCfg = Debug|Any CPU
		{B31838C5-CA8C-46D6-B152-1D08B794508D}.Debug|Any CPU.Build.0 = Debug|Any CPU
		{B31838C5-CA8C-46D6-B152-1D08B794508D}.Release|Any CPU.ActiveCfg = Release|Any CPU
		{B31838C5-CA8C-46D6-B152-1D08B794508D}.Release|Any CPU.Build.0 = Release|Any CPU
		{077FA827-F725-4840-9519-DD77FD5F41D6}.Debug|Any CPU.ActiveCfg = Debug|Any CPU
		{077FA827-F725-4840-9519-DD77FD5F41D6}.Debug|Any CPU.Build.0 = Debug|Any CPU
		{077FA827-F725-4840-9519-DD77FD5F41D6}.Release|Any CPU.ActiveCfg = Release|Any CPU
		{077FA827-F725-4840-9519-DD77FD5F41D6}.Release|Any CPU.Build.0 = Release|Any CPU
	EndGlobalSection
	GlobalSection(SolutionProperties) = preSolution
		HideSolutionNode = FALSE
	EndGlobalSection
	GlobalSection(ExtensibilityGlobals) = postSolution
		SolutionGuid = {E3352D61-D872-439D-8AAD-1156227DAD00}
	EndGlobalSection
EndGlobal
