
Microsoft Visual Studio Solution File, Format Version 12.00
# Visual Studio Version 16
VisualStudioVersion = 16.0.31702.278
MinimumVisualStudioVersion = 10.0.40219.1
Project("{FAE04EC0-301F-11D3-BF4B-00C04F79EFBC}") = "CompareVersions", "CompareVersions\CompareVersions.csproj", "{2E8E8913-D2EB-4194-BBD7-670003102E5F}"
EndProject
Project("{FAE04EC0-301F-11D3-BF4B-00C04F79EFBC}") = "CompareTests", "CompareTests\CompareTests.csproj", "{FD0D2189-4459-44D1-BCEC-EDCD16995D14}"
EndProject
Global
	GlobalSection(SolutionConfigurationPlatforms) = preSolution
		Debug|Any CPU = Debug|Any CPU
		Release|Any CPU = Release|Any CPU
	EndGlobalSection
	GlobalSection(ProjectConfigurationPlatforms) = postSolution
		{2E8E8913-D2EB-4194-BBD7-670003102E5F}.Debug|Any CPU.ActiveCfg = Debug|Any CPU
		{2E8E8913-D2EB-4194-BBD7-670003102E5F}.Debug|Any CPU.Build.0 = Debug|Any CPU
		{2E8E8913-D2EB-4194-BBD7-670003102E5F}.Release|Any CPU.ActiveCfg = Release|Any CPU
		{2E8E8913-D2EB-4194-BBD7-670003102E5F}.Release|Any CPU.Build.0 = Release|Any CPU
		{FD0D2189-4459-44D1-BCEC-EDCD16995D14}.Debug|Any CPU.ActiveCfg = Debug|Any CPU
		{FD0D2189-4459-44D1-BCEC-EDCD16995D14}.Debug|Any CPU.Build.0 = Debug|Any CPU
		{FD0D2189-4459-44D1-BCEC-EDCD16995D14}.Release|Any CPU.ActiveCfg = Release|Any CPU
		{FD0D2189-4459-44D1-BCEC-EDCD16995D14}.Release|Any CPU.Build.0 = Release|Any CPU
	EndGlobalSection
	GlobalSection(SolutionProperties) = preSolution
		HideSolutionNode = FALSE
	EndGlobalSection
	GlobalSection(ExtensibilityGlobals) = postSolution
		SolutionGuid = {AF8A3078-007D-4773-9518-A6DEB813FCCC}
	EndGlobalSection
EndGlobal
