
Microsoft Visual Studio Solution File, Format Version 12.00
# Visual Studio Version 16
VisualStudioVersion = 16.0.31112.23
MinimumVisualStudioVersion = 10.0.40219.1
Project("{FAE04EC0-301F-11D3-BF4B-00C04F79EFBC}") = "PerfectSquares", "PerfectSquares\PerfectSquares.csproj", "{CE6FBA35-D830-45D5-8084-0D509407F557}"
EndProject
Project("{FAE04EC0-301F-11D3-BF4B-00C04F79EFBC}") = "PerfectSquaresTests", "PerfectSquaresTests\PerfectSquaresTests.csproj", "{73BEE0E5-09FC-4733-9445-BE655441F52C}"
EndProject
Global
	GlobalSection(SolutionConfigurationPlatforms) = preSolution
		Debug|Any CPU = Debug|Any CPU
		Release|Any CPU = Release|Any CPU
	EndGlobalSection
	GlobalSection(ProjectConfigurationPlatforms) = postSolution
		{CE6FBA35-D830-45D5-8084-0D509407F557}.Debug|Any CPU.ActiveCfg = Debug|Any CPU
		{CE6FBA35-D830-45D5-8084-0D509407F557}.Debug|Any CPU.Build.0 = Debug|Any CPU
		{CE6FBA35-D830-45D5-8084-0D509407F557}.Release|Any CPU.ActiveCfg = Release|Any CPU
		{CE6FBA35-D830-45D5-8084-0D509407F557}.Release|Any CPU.Build.0 = Release|Any CPU
		{73BEE0E5-09FC-4733-9445-BE655441F52C}.Debug|Any CPU.ActiveCfg = Debug|Any CPU
		{73BEE0E5-09FC-4733-9445-BE655441F52C}.Debug|Any CPU.Build.0 = Debug|Any CPU
		{73BEE0E5-09FC-4733-9445-BE655441F52C}.Release|Any CPU.ActiveCfg = Release|Any CPU
		{73BEE0E5-09FC-4733-9445-BE655441F52C}.Release|Any CPU.Build.0 = Release|Any CPU
	EndGlobalSection
	GlobalSection(SolutionProperties) = preSolution
		HideSolutionNode = FALSE
	EndGlobalSection
	GlobalSection(ExtensibilityGlobals) = postSolution
		SolutionGuid = {0140AA24-F71D-4103-9827-FBD25BD4E034}
	EndGlobalSection
EndGlobal
