
Microsoft Visual Studio Solution File, Format Version 12.00
# Visual Studio Version 17
VisualStudioVersion = 17.0.31912.275
MinimumVisualStudioVersion = 10.0.40219.1
Project("{FAE04EC0-301F-11D3-BF4B-00C04F79EFBC}") = "MultipleSourceBfs", "MultipleSourceBfs\MultipleSourceBfs.csproj", "{B54BF1A4-1269-40BC-AEAE-521A60143E1B}"
EndProject
Project("{FAE04EC0-301F-11D3-BF4B-00C04F79EFBC}") = "MultipleSourceBfsTest", "MultipleSourceBfsTest\MultipleSourceBfsTest.csproj", "{BBA63F3B-DDBA-44BA-99F5-9681F991A2D5}"
EndProject
Global
	GlobalSection(SolutionConfigurationPlatforms) = preSolution
		Debug|Any CPU = Debug|Any CPU
		Release|Any CPU = Release|Any CPU
	EndGlobalSection
	GlobalSection(ProjectConfigurationPlatforms) = postSolution
		{B54BF1A4-1269-40BC-AEAE-521A60143E1B}.Debug|Any CPU.ActiveCfg = Debug|Any CPU
		{B54BF1A4-1269-40BC-AEAE-521A60143E1B}.Debug|Any CPU.Build.0 = Debug|Any CPU
		{B54BF1A4-1269-40BC-AEAE-521A60143E1B}.Release|Any CPU.ActiveCfg = Release|Any CPU
		{B54BF1A4-1269-40BC-AEAE-521A60143E1B}.Release|Any CPU.Build.0 = Release|Any CPU
		{BBA63F3B-DDBA-44BA-99F5-9681F991A2D5}.Debug|Any CPU.ActiveCfg = Debug|Any CPU
		{BBA63F3B-DDBA-44BA-99F5-9681F991A2D5}.Debug|Any CPU.Build.0 = Debug|Any CPU
		{BBA63F3B-DDBA-44BA-99F5-9681F991A2D5}.Release|Any CPU.ActiveCfg = Release|Any CPU
		{BBA63F3B-DDBA-44BA-99F5-9681F991A2D5}.Release|Any CPU.Build.0 = Release|Any CPU
	EndGlobalSection
	GlobalSection(SolutionProperties) = preSolution
		HideSolutionNode = FALSE
	EndGlobalSection
	GlobalSection(ExtensibilityGlobals) = postSolution
		SolutionGuid = {54B1CA78-5431-4590-AC47-485E3D49521D}
	EndGlobalSection
EndGlobal
