
Microsoft Visual Studio Solution File, Format Version 12.00
# Visual Studio Version 16
VisualStudioVersion = 16.0.31702.278
MinimumVisualStudioVersion = 10.0.40219.1
Project("{9A19103F-16F7-4668-BE54-9A1E7A4F7556}") = "MostCommonWords", "MostCommonWords\MostCommonWords.csproj", "{ACB65D3B-1648-4C19-A87F-0AE2A07B94DE}"
EndProject
Project("{FAE04EC0-301F-11D3-BF4B-00C04F79EFBC}") = "MostCommonWordsTests", "MostCommonWordsTests\MostCommonWordsTests.csproj", "{8445F2CB-8714-4E88-AFC1-0624D687EA20}"
EndProject
Global
	GlobalSection(SolutionConfigurationPlatforms) = preSolution
		Debug|Any CPU = Debug|Any CPU
		Release|Any CPU = Release|Any CPU
	EndGlobalSection
	GlobalSection(ProjectConfigurationPlatforms) = postSolution
		{ACB65D3B-1648-4C19-A87F-0AE2A07B94DE}.Debug|Any CPU.ActiveCfg = Debug|Any CPU
		{ACB65D3B-1648-4C19-A87F-0AE2A07B94DE}.Debug|Any CPU.Build.0 = Debug|Any CPU
		{ACB65D3B-1648-4C19-A87F-0AE2A07B94DE}.Release|Any CPU.ActiveCfg = Release|Any CPU
		{ACB65D3B-1648-4C19-A87F-0AE2A07B94DE}.Release|Any CPU.Build.0 = Release|Any CPU
		{8445F2CB-8714-4E88-AFC1-0624D687EA20}.Debug|Any CPU.ActiveCfg = Debug|Any CPU
		{8445F2CB-8714-4E88-AFC1-0624D687EA20}.Debug|Any CPU.Build.0 = Debug|Any CPU
		{8445F2CB-8714-4E88-AFC1-0624D687EA20}.Release|Any CPU.ActiveCfg = Release|Any CPU
		{8445F2CB-8714-4E88-AFC1-0624D687EA20}.Release|Any CPU.Build.0 = Release|Any CPU
	EndGlobalSection
	GlobalSection(SolutionProperties) = preSolution
		HideSolutionNode = FALSE
	EndGlobalSection
	GlobalSection(ExtensibilityGlobals) = postSolution
		SolutionGuid = {4A7BFD2E-9EC2-4CBA-A76B-6349B9093AAE}
	EndGlobalSection
EndGlobal
