
Microsoft Visual Studio Solution File, Format Version 12.00
# Visual Studio Version 16
VisualStudioVersion = 16.0.31727.386
MinimumVisualStudioVersion = 10.0.40219.1
Project("{FAE04EC0-301F-11D3-BF4B-00C04F79EFBC}") = "DroppedPackets", "DroppedPackets\DroppedPackets.csproj", "{D5CBEAD9-E841-48F1-ABD7-AF22C682F537}"
EndProject
Project("{FAE04EC0-301F-11D3-BF4B-00C04F79EFBC}") = "DroppedPacketTests", "DroppedPacketTests\DroppedPacketTests.csproj", "{1A8E4DF0-F828-4184-933B-AECF3682F02B}"
EndProject
Global
	GlobalSection(SolutionConfigurationPlatforms) = preSolution
		Debug|Any CPU = Debug|Any CPU
		Release|Any CPU = Release|Any CPU
	EndGlobalSection
	GlobalSection(ProjectConfigurationPlatforms) = postSolution
		{D5CBEAD9-E841-48F1-ABD7-AF22C682F537}.Debug|Any CPU.ActiveCfg = Debug|Any CPU
		{D5CBEAD9-E841-48F1-ABD7-AF22C682F537}.Debug|Any CPU.Build.0 = Debug|Any CPU
		{D5CBEAD9-E841-48F1-ABD7-AF22C682F537}.Release|Any CPU.ActiveCfg = Release|Any CPU
		{D5CBEAD9-E841-48F1-ABD7-AF22C682F537}.Release|Any CPU.Build.0 = Release|Any CPU
		{1A8E4DF0-F828-4184-933B-AECF3682F02B}.Debug|Any CPU.ActiveCfg = Debug|Any CPU
		{1A8E4DF0-F828-4184-933B-AECF3682F02B}.Debug|Any CPU.Build.0 = Debug|Any CPU
		{1A8E4DF0-F828-4184-933B-AECF3682F02B}.Release|Any CPU.ActiveCfg = Release|Any CPU
		{1A8E4DF0-F828-4184-933B-AECF3682F02B}.Release|Any CPU.Build.0 = Release|Any CPU
	EndGlobalSection
	GlobalSection(SolutionProperties) = preSolution
		HideSolutionNode = FALSE
	EndGlobalSection
	GlobalSection(ExtensibilityGlobals) = postSolution
		SolutionGuid = {296C5B76-A51C-4C16-9105-05B0DD75DC90}
	EndGlobalSection
EndGlobal
