
Microsoft Visual Studio Solution File, Format Version 12.00
# Visual Studio Version 17
VisualStudioVersion = 17.0.31912.275
MinimumVisualStudioVersion = 10.0.40219.1
Project("{FAE04EC0-301F-11D3-BF4B-00C04F79EFBC}") = "FloodFill", "FloodFill\FloodFill.csproj", "{ABD0AD9B-1903-4B29-AFFA-AA7858551359}"
EndProject
Project("{FAE04EC0-301F-11D3-BF4B-00C04F79EFBC}") = "FloodFillTest", "FloodFillTest\FloodFillTest.csproj", "{151E69C4-032F-48EF-94C1-632941982FB4}"
EndProject
Global
	GlobalSection(SolutionConfigurationPlatforms) = preSolution
		Debug|Any CPU = Debug|Any CPU
		Release|Any CPU = Release|Any CPU
	EndGlobalSection
	GlobalSection(ProjectConfigurationPlatforms) = postSolution
		{ABD0AD9B-1903-4B29-AFFA-AA7858551359}.Debug|Any CPU.ActiveCfg = Debug|Any CPU
		{ABD0AD9B-1903-4B29-AFFA-AA7858551359}.Debug|Any CPU.Build.0 = Debug|Any CPU
		{ABD0AD9B-1903-4B29-AFFA-AA7858551359}.Release|Any CPU.ActiveCfg = Release|Any CPU
		{ABD0AD9B-1903-4B29-AFFA-AA7858551359}.Release|Any CPU.Build.0 = Release|Any CPU
		{151E69C4-032F-48EF-94C1-632941982FB4}.Debug|Any CPU.ActiveCfg = Debug|Any CPU
		{151E69C4-032F-48EF-94C1-632941982FB4}.Debug|Any CPU.Build.0 = Debug|Any CPU
		{151E69C4-032F-48EF-94C1-632941982FB4}.Release|Any CPU.ActiveCfg = Release|Any CPU
		{151E69C4-032F-48EF-94C1-632941982FB4}.Release|Any CPU.Build.0 = Release|Any CPU
	EndGlobalSection
	GlobalSection(SolutionProperties) = preSolution
		HideSolutionNode = FALSE
	EndGlobalSection
	GlobalSection(ExtensibilityGlobals) = postSolution
		SolutionGuid = {26744167-02A0-4D67-AB5C-4FD8C35E238C}
	EndGlobalSection
EndGlobal
