
Microsoft Visual Studio Solution File, Format Version 12.00
# Visual Studio Version 16
VisualStudioVersion = 16.0.31702.278
MinimumVisualStudioVersion = 10.0.40219.1
Project("{FAE04EC0-301F-11D3-BF4B-00C04F79EFBC}") = "GroupAnagrams", "GroupAnagrams\GroupAnagrams.csproj", "{3D1DC65E-11D2-4BF3-905F-87084E73BADD}"
EndProject
Project("{FAE04EC0-301F-11D3-BF4B-00C04F79EFBC}") = "GroupAnagramTests", "GroupAnagramTests\GroupAnagramTests.csproj", "{9F6F3B9F-7524-4BE4-84AC-967EA7B41682}"
EndProject
Global
	GlobalSection(SolutionConfigurationPlatforms) = preSolution
		Debug|Any CPU = Debug|Any CPU
		Release|Any CPU = Release|Any CPU
	EndGlobalSection
	GlobalSection(ProjectConfigurationPlatforms) = postSolution
		{3D1DC65E-11D2-4BF3-905F-87084E73BADD}.Debug|Any CPU.ActiveCfg = Debug|Any CPU
		{3D1DC65E-11D2-4BF3-905F-87084E73BADD}.Debug|Any CPU.Build.0 = Debug|Any CPU
		{3D1DC65E-11D2-4BF3-905F-87084E73BADD}.Release|Any CPU.ActiveCfg = Release|Any CPU
		{3D1DC65E-11D2-4BF3-905F-87084E73BADD}.Release|Any CPU.Build.0 = Release|Any CPU
		{9F6F3B9F-7524-4BE4-84AC-967EA7B41682}.Debug|Any CPU.ActiveCfg = Debug|Any CPU
		{9F6F3B9F-7524-4BE4-84AC-967EA7B41682}.Debug|Any CPU.Build.0 = Debug|Any CPU
		{9F6F3B9F-7524-4BE4-84AC-967EA7B41682}.Release|Any CPU.ActiveCfg = Release|Any CPU
		{9F6F3B9F-7524-4BE4-84AC-967EA7B41682}.Release|Any CPU.Build.0 = Release|Any CPU
	EndGlobalSection
	GlobalSection(SolutionProperties) = preSolution
		HideSolutionNode = FALSE
	EndGlobalSection
	GlobalSection(ExtensibilityGlobals) = postSolution
		SolutionGuid = {4A5F3656-FCB8-41C6-A27A-E6DBFC643691}
	EndGlobalSection
EndGlobal
