
Microsoft Visual Studio Solution File, Format Version 12.00
# Visual Studio Version 17
VisualStudioVersion = 17.0.31912.275
MinimumVisualStudioVersion = 10.0.40219.1
Project("{FAE04EC0-301F-11D3-BF4B-00C04F79EFBC}") = "ProductSuggestions", "ProductSuggestions\ProductSuggestions.csproj", "{D1FDC89A-A97E-4488-9351-92ABBCBEE9E2}"
EndProject
Global
	GlobalSection(SolutionConfigurationPlatforms) = preSolution
		Debug|Any CPU = Debug|Any CPU
		Release|Any CPU = Release|Any CPU
	EndGlobalSection
	GlobalSection(ProjectConfigurationPlatforms) = postSolution
		{D1FDC89A-A97E-4488-9351-92ABBCBEE9E2}.Debug|Any CPU.ActiveCfg = Debug|Any CPU
		{D1FDC89A-A97E-4488-9351-92ABBCBEE9E2}.Debug|Any CPU.Build.0 = Debug|Any CPU
		{D1FDC89A-A97E-4488-9351-92ABBCBEE9E2}.Release|Any CPU.ActiveCfg = Release|Any CPU
		{D1FDC89A-A97E-4488-9351-92ABBCBEE9E2}.Release|Any CPU.Build.0 = Release|Any CPU
	EndGlobalSection
	GlobalSection(SolutionProperties) = preSolution
		HideSolutionNode = FALSE
	EndGlobalSection
	GlobalSection(ExtensibilityGlobals) = postSolution
		SolutionGuid = {0E06C389-9133-43AD-9B0E-ECA291523643}
	EndGlobalSection
EndGlobal
