
Microsoft Visual Studio Solution File, Format Version 12.00
# Visual Studio Version 17
VisualStudioVersion = 17.2.32505.173
MinimumVisualStudioVersion = 10.0.40219.1
Project("{9A19103F-16F7-4668-BE54-9A1E7A4F7556}") = "DeleteFromLinkedList", "DeleteFromLinkedList\DeleteFromLinkedList.csproj", "{945D37CE-9BDD-4271-8744-05608D4B3611}"
EndProject
Project("{FAE04EC0-301F-11D3-BF4B-00C04F79EFBC}") = "TestProject1", "TestProject1\TestProject1.csproj", "{D89B0853-399C-44B4-BE16-FA040D1CE825}"
EndProject
Global
	GlobalSection(SolutionConfigurationPlatforms) = preSolution
		Debug|Any CPU = Debug|Any CPU
		Release|Any CPU = Release|Any CPU
	EndGlobalSection
	GlobalSection(ProjectConfigurationPlatforms) = postSolution
		{945D37CE-9BDD-4271-8744-05608D4B3611}.Debug|Any CPU.ActiveCfg = Debug|Any CPU
		{945D37CE-9BDD-4271-8744-05608D4B3611}.Debug|Any CPU.Build.0 = Debug|Any CPU
		{945D37CE-9BDD-4271-8744-05608D4B3611}.Release|Any CPU.ActiveCfg = Release|Any CPU
		{945D37CE-9BDD-4271-8744-05608D4B3611}.Release|Any CPU.Build.0 = Release|Any CPU
		{D89B0853-399C-44B4-BE16-FA040D1CE825}.Debug|Any CPU.ActiveCfg = Debug|Any CPU
		{D89B0853-399C-44B4-BE16-FA040D1CE825}.Debug|Any CPU.Build.0 = Debug|Any CPU
		{D89B0853-399C-44B4-BE16-FA040D1CE825}.Release|Any CPU.ActiveCfg = Release|Any CPU
		{D89B0853-399C-44B4-BE16-FA040D1CE825}.Release|Any CPU.Build.0 = Release|Any CPU
	EndGlobalSection
	GlobalSection(SolutionProperties) = preSolution
		HideSolutionNode = FALSE
	EndGlobalSection
	GlobalSection(ExtensibilityGlobals) = postSolution
		SolutionGuid = {539B2CB0-A45D-46A8-9C25-8864AF820E24}
	EndGlobalSection
EndGlobal
