
Microsoft Visual Studio Solution File, Format Version 12.00
# Visual Studio Version 16
VisualStudioVersion = 16.0.31129.286
MinimumVisualStudioVersion = 10.0.40219.1
Project("{FAE04EC0-301F-11D3-BF4B-00C04F79EFBC}") = "MyAtoi", "MyAtoi\MyAtoi.csproj", "{7C7C54EE-D8B9-46D4-AACC-E2AB024DFA0A}"
EndProject
Project("{FAE04EC0-301F-11D3-BF4B-00C04F79EFBC}") = "MyAtoiTests", "MyAtoiTests\MyAtoiTests.csproj", "{86C00AEC-2726-4CE5-BD35-6551E111EABB}"
EndProject
Global
	GlobalSection(SolutionConfigurationPlatforms) = preSolution
		Debug|Any CPU = Debug|Any CPU
		Release|Any CPU = Release|Any CPU
	EndGlobalSection
	GlobalSection(ProjectConfigurationPlatforms) = postSolution
		{7C7C54EE-D8B9-46D4-AACC-E2AB024DFA0A}.Debug|Any CPU.ActiveCfg = Debug|Any CPU
		{7C7C54EE-D8B9-46D4-AACC-E2AB024DFA0A}.Debug|Any CPU.Build.0 = Debug|Any CPU
		{7C7C54EE-D8B9-46D4-AACC-E2AB024DFA0A}.Release|Any CPU.ActiveCfg = Release|Any CPU
		{7C7C54EE-D8B9-46D4-AACC-E2AB024DFA0A}.Release|Any CPU.Build.0 = Release|Any CPU
		{86C00AEC-2726-4CE5-BD35-6551E111EABB}.Debug|Any CPU.ActiveCfg = Debug|Any CPU
		{86C00AEC-2726-4CE5-BD35-6551E111EABB}.Debug|Any CPU.Build.0 = Debug|Any CPU
		{86C00AEC-2726-4CE5-BD35-6551E111EABB}.Release|Any CPU.ActiveCfg = Release|Any CPU
		{86C00AEC-2726-4CE5-BD35-6551E111EABB}.Release|Any CPU.Build.0 = Release|Any CPU
	EndGlobalSection
	GlobalSection(SolutionProperties) = preSolution
		HideSolutionNode = FALSE
	EndGlobalSection
	GlobalSection(ExtensibilityGlobals) = postSolution
		SolutionGuid = {00D7D944-D702-4B40-8D4C-54976B5741A4}
	EndGlobalSection
EndGlobal
