
Microsoft Visual Studio Solution File, Format Version 12.00
# Visual Studio Version 16
VisualStudioVersion = 16.0.31205.134
MinimumVisualStudioVersion = 10.0.40219.1
Project("{FAE04EC0-301F-11D3-BF4B-00C04F79EFBC}") = "LongestSubstring", "LongestSubstring\LongestSubstring.csproj", "{424442FB-1472-4E56-A084-EF9DADF435DE}"
EndProject
Project("{FAE04EC0-301F-11D3-BF4B-00C04F79EFBC}") = "LongestSubstringTests", "LongestSubstringTests\LongestSubstringTests.csproj", "{0B79CCBF-603D-4615-98E4-C1748C2E1CD4}"
EndProject
Global
	GlobalSection(SolutionConfigurationPlatforms) = preSolution
		Debug|Any CPU = Debug|Any CPU
		Release|Any CPU = Release|Any CPU
	EndGlobalSection
	GlobalSection(ProjectConfigurationPlatforms) = postSolution
		{424442FB-1472-4E56-A084-EF9DADF435DE}.Debug|Any CPU.ActiveCfg = Debug|Any CPU
		{424442FB-1472-4E56-A084-EF9DADF435DE}.Debug|Any CPU.Build.0 = Debug|Any CPU
		{424442FB-1472-4E56-A084-EF9DADF435DE}.Release|Any CPU.ActiveCfg = Release|Any CPU
		{424442FB-1472-4E56-A084-EF9DADF435DE}.Release|Any CPU.Build.0 = Release|Any CPU
		{0B79CCBF-603D-4615-98E4-C1748C2E1CD4}.Debug|Any CPU.ActiveCfg = Debug|Any CPU
		{0B79CCBF-603D-4615-98E4-C1748C2E1CD4}.Debug|Any CPU.Build.0 = Debug|Any CPU
		{0B79CCBF-603D-4615-98E4-C1748C2E1CD4}.Release|Any CPU.ActiveCfg = Release|Any CPU
		{0B79CCBF-603D-4615-98E4-C1748C2E1CD4}.Release|Any CPU.Build.0 = Release|Any CPU
	EndGlobalSection
	GlobalSection(SolutionProperties) = preSolution
		HideSolutionNode = FALSE
	EndGlobalSection
	GlobalSection(ExtensibilityGlobals) = postSolution
		SolutionGuid = {2BEB7D9F-65B1-4342-AEC0-7C81BB11BD53}
	EndGlobalSection
EndGlobal
