
Microsoft Visual Studio Solution File, Format Version 12.00
# Visual Studio Version 17
VisualStudioVersion = 17.2.32519.379
MinimumVisualStudioVersion = 10.0.40219.1
Project("{9A19103F-16F7-4668-BE54-9A1E7A4F7556}") = "KthLargestElementTests", "KthLargestElementTests\KthLargestElementTests.csproj", "{EF907768-FADE-41BB-9000-A5A11CB825CA}"
EndProject
Project("{9A19103F-16F7-4668-BE54-9A1E7A4F7556}") = "KthLargestElement", "KthLargestElement\KthLargestElement.csproj", "{2F4D71D9-02F0-4DE6-848F-5F90F55DEB6B}"
EndProject
Global
	GlobalSection(SolutionConfigurationPlatforms) = preSolution
		Debug|Any CPU = Debug|Any CPU
		Release|Any CPU = Release|Any CPU
	EndGlobalSection
	GlobalSection(ProjectConfigurationPlatforms) = postSolution
		{EF907768-FADE-41BB-9000-A5A11CB825CA}.Debug|Any CPU.ActiveCfg = Debug|Any CPU
		{EF907768-FADE-41BB-9000-A5A11CB825CA}.Debug|Any CPU.Build.0 = Debug|Any CPU
		{EF907768-FADE-41BB-9000-A5A11CB825CA}.Release|Any CPU.ActiveCfg = Release|Any CPU
		{EF907768-FADE-41BB-9000-A5A11CB825CA}.Release|Any CPU.Build.0 = Release|Any CPU
		{2F4D71D9-02F0-4DE6-848F-5F90F55DEB6B}.Debug|Any CPU.ActiveCfg = Debug|Any CPU
		{2F4D71D9-02F0-4DE6-848F-5F90F55DEB6B}.Debug|Any CPU.Build.0 = Debug|Any CPU
		{2F4D71D9-02F0-4DE6-848F-5F90F55DEB6B}.Release|Any CPU.ActiveCfg = Release|Any CPU
		{2F4D71D9-02F0-4DE6-848F-5F90F55DEB6B}.Release|Any CPU.Build.0 = Release|Any CPU
	EndGlobalSection
	GlobalSection(SolutionProperties) = preSolution
		HideSolutionNode = FALSE
	EndGlobalSection
	GlobalSection(ExtensibilityGlobals) = postSolution
		SolutionGuid = {C834A760-2578-46C1-8320-22FDCCF825F9}
	EndGlobalSection
EndGlobal
