
Microsoft Visual Studio Solution File, Format Version 12.00
# Visual Studio Version 16
VisualStudioVersion = 16.0.31129.286
MinimumVisualStudioVersion = 10.0.40219.1
Project("{FAE04EC0-301F-11D3-BF4B-00C04F79EFBC}") = "BinaryAddition", "BinaryAddition\BinaryAddition.csproj", "{23A46D36-F92F-4484-8F43-E7355953F2B4}"
EndProject
Project("{FAE04EC0-301F-11D3-BF4B-00C04F79EFBC}") = "BinaryAdditionTests", "BinaryAdditionTests\BinaryAdditionTests.csproj", "{8E873ED4-8B03-4046-8C2C-2DFB336F9D86}"
EndProject
Global
	GlobalSection(SolutionConfigurationPlatforms) = preSolution
		Debug|Any CPU = Debug|Any CPU
		Release|Any CPU = Release|Any CPU
	EndGlobalSection
	GlobalSection(ProjectConfigurationPlatforms) = postSolution
		{23A46D36-F92F-4484-8F43-E7355953F2B4}.Debug|Any CPU.ActiveCfg = Debug|Any CPU
		{23A46D36-F92F-4484-8F43-E7355953F2B4}.Debug|Any CPU.Build.0 = Debug|Any CPU
		{23A46D36-F92F-4484-8F43-E7355953F2B4}.Release|Any CPU.ActiveCfg = Release|Any CPU
		{23A46D36-F92F-4484-8F43-E7355953F2B4}.Release|Any CPU.Build.0 = Release|Any CPU
		{8E873ED4-8B03-4046-8C2C-2DFB336F9D86}.Debug|Any CPU.ActiveCfg = Debug|Any CPU
		{8E873ED4-8B03-4046-8C2C-2DFB336F9D86}.Debug|Any CPU.Build.0 = Debug|Any CPU
		{8E873ED4-8B03-4046-8C2C-2DFB336F9D86}.Release|Any CPU.ActiveCfg = Release|Any CPU
		{8E873ED4-8B03-4046-8C2C-2DFB336F9D86}.Release|Any CPU.Build.0 = Release|Any CPU
	EndGlobalSection
	GlobalSection(SolutionProperties) = preSolution
		HideSolutionNode = FALSE
	EndGlobalSection
	GlobalSection(ExtensibilityGlobals) = postSolution
		SolutionGuid = {638C4497-5DCA-4798-AB7E-D8159B0F9D82}
	EndGlobalSection
EndGlobal
