
Microsoft Visual Studio Solution File, Format Version 12.00
# Visual Studio Version 16
VisualStudioVersion = 16.0.31205.134
MinimumVisualStudioVersion = 10.0.40219.1
Project("{FAE04EC0-301F-11D3-BF4B-00C04F79EFBC}") = "SearchInSortedRotatedArray", "SearchInSortedRotatedArray\SearchInSortedRotatedArray.csproj", "{DEE2BDFE-2460-4DAB-A31D-3E92307BA8A6}"
EndProject
Project("{FAE04EC0-301F-11D3-BF4B-00C04F79EFBC}") = "SearchTests", "SearchTests\SearchTests.csproj", "{C414835B-98F7-4436-A8EF-39D432FA6D7A}"
EndProject
Global
	GlobalSection(SolutionConfigurationPlatforms) = preSolution
		Debug|Any CPU = Debug|Any CPU
		Release|Any CPU = Release|Any CPU
	EndGlobalSection
	GlobalSection(ProjectConfigurationPlatforms) = postSolution
		{DEE2BDFE-2460-4DAB-A31D-3E92307BA8A6}.Debug|Any CPU.ActiveCfg = Debug|Any CPU
		{DEE2BDFE-2460-4DAB-A31D-3E92307BA8A6}.Debug|Any CPU.Build.0 = Debug|Any CPU
		{DEE2BDFE-2460-4DAB-A31D-3E92307BA8A6}.Release|Any CPU.ActiveCfg = Release|Any CPU
		{DEE2BDFE-2460-4DAB-A31D-3E92307BA8A6}.Release|Any CPU.Build.0 = Release|Any CPU
		{C414835B-98F7-4436-A8EF-39D432FA6D7A}.Debug|Any CPU.ActiveCfg = Debug|Any CPU
		{C414835B-98F7-4436-A8EF-39D432FA6D7A}.Debug|Any CPU.Build.0 = Debug|Any CPU
		{C414835B-98F7-4436-A8EF-39D432FA6D7A}.Release|Any CPU.ActiveCfg = Release|Any CPU
		{C414835B-98F7-4436-A8EF-39D432FA6D7A}.Release|Any CPU.Build.0 = Release|Any CPU
	EndGlobalSection
	GlobalSection(SolutionProperties) = preSolution
		HideSolutionNode = FALSE
	EndGlobalSection
	GlobalSection(ExtensibilityGlobals) = postSolution
		SolutionGuid = {41AD4655-DF2C-4AEF-9D0B-7210B6BED3FB}
	EndGlobalSection
EndGlobal
