
Microsoft Visual Studio Solution File, Format Version 12.00
# Visual Studio Version 17
VisualStudioVersion = 17.0.31912.275
MinimumVisualStudioVersion = 10.0.40219.1
Project("{FAE04EC0-301F-11D3-BF4B-00C04F79EFBC}") = "LastStoneWeight", "LastStoneWeight\LastStoneWeight.csproj", "{2B6C4763-8A59-4812-BF35-A428E8CF3DD5}"
EndProject
Project("{FAE04EC0-301F-11D3-BF4B-00C04F79EFBC}") = "LastStoneWeightTest", "LastStoneWeightTest\LastStoneWeightTest.csproj", "{BB89F605-731E-4F74-ACB2-F4AAF61D0EAF}"
EndProject
Global
	GlobalSection(SolutionConfigurationPlatforms) = preSolution
		Debug|Any CPU = Debug|Any CPU
		Release|Any CPU = Release|Any CPU
	EndGlobalSection
	GlobalSection(ProjectConfigurationPlatforms) = postSolution
		{2B6C4763-8A59-4812-BF35-A428E8CF3DD5}.Debug|Any CPU.ActiveCfg = Debug|Any CPU
		{2B6C4763-8A59-4812-BF35-A428E8CF3DD5}.Debug|Any CPU.Build.0 = Debug|Any CPU
		{2B6C4763-8A59-4812-BF35-A428E8CF3DD5}.Release|Any CPU.ActiveCfg = Release|Any CPU
		{2B6C4763-8A59-4812-BF35-A428E8CF3DD5}.Release|Any CPU.Build.0 = Release|Any CPU
		{BB89F605-731E-4F74-ACB2-F4AAF61D0EAF}.Debug|Any CPU.ActiveCfg = Debug|Any CPU
		{BB89F605-731E-4F74-ACB2-F4AAF61D0EAF}.Debug|Any CPU.Build.0 = Debug|Any CPU
		{BB89F605-731E-4F74-ACB2-F4AAF61D0EAF}.Release|Any CPU.ActiveCfg = Release|Any CPU
		{BB89F605-731E-4F74-ACB2-F4AAF61D0EAF}.Release|Any CPU.Build.0 = Release|Any CPU
	EndGlobalSection
	GlobalSection(SolutionProperties) = preSolution
		HideSolutionNode = FALSE
	EndGlobalSection
	GlobalSection(ExtensibilityGlobals) = postSolution
		SolutionGuid = {37F18058-8BC5-4B9E-AB86-16C351238A6E}
	EndGlobalSection
EndGlobal
