
Microsoft Visual Studio Solution File, Format Version 12.00
# Visual Studio Version 16
VisualStudioVersion = 16.0.31410.357
MinimumVisualStudioVersion = 10.0.40219.1
Project("{9A19103F-16F7-4668-BE54-9A1E7A4F7556}") = "ValidParan", "ValidParan\ValidParan.csproj", "{C9ABB778-E2F0-4759-A6E4-DF0CE97870CA}"
EndProject
Project("{FAE04EC0-301F-11D3-BF4B-00C04F79EFBC}") = "ValidTest", "ValidTest\ValidTest.csproj", "{5D1EC7EB-FBA2-4981-940A-22D7CFD3B3B7}"
EndProject
Global
	GlobalSection(SolutionConfigurationPlatforms) = preSolution
		Debug|Any CPU = Debug|Any CPU
		Release|Any CPU = Release|Any CPU
	EndGlobalSection
	GlobalSection(ProjectConfigurationPlatforms) = postSolution
		{C9ABB778-E2F0-4759-A6E4-DF0CE97870CA}.Debug|Any CPU.ActiveCfg = Debug|Any CPU
		{C9ABB778-E2F0-4759-A6E4-DF0CE97870CA}.Debug|Any CPU.Build.0 = Debug|Any CPU
		{C9ABB778-E2F0-4759-A6E4-DF0CE97870CA}.Release|Any CPU.ActiveCfg = Release|Any CPU
		{C9ABB778-E2F0-4759-A6E4-DF0CE97870CA}.Release|Any CPU.Build.0 = Release|Any CPU
		{5D1EC7EB-FBA2-4981-940A-22D7CFD3B3B7}.Debug|Any CPU.ActiveCfg = Debug|Any CPU
		{5D1EC7EB-FBA2-4981-940A-22D7CFD3B3B7}.Debug|Any CPU.Build.0 = Debug|Any CPU
		{5D1EC7EB-FBA2-4981-940A-22D7CFD3B3B7}.Release|Any CPU.ActiveCfg = Release|Any CPU
		{5D1EC7EB-FBA2-4981-940A-22D7CFD3B3B7}.Release|Any CPU.Build.0 = Release|Any CPU
	EndGlobalSection
	GlobalSection(SolutionProperties) = preSolution
		HideSolutionNode = FALSE
	EndGlobalSection
	GlobalSection(ExtensibilityGlobals) = postSolution
		SolutionGuid = {0028527B-BFB6-49BB-98AD-138756E4F7EB}
	EndGlobalSection
EndGlobal
